
Microsoft Visual Studio Solution File, Format Version 12.00
# Visual Studio Version 17
VisualStudioVersion = 17.12.35527.113 d17.12
MinimumVisualStudioVersion = 10.0.40219.1
Project("{FAE04EC0-301F-11D3-BF4B-00C04F79EFBC}") = "problema_quatro", "problema_quatro.csproj", "{9E2848CA-0A4A-4BC7-87FF-E8CBE263328A}"
EndProject
Global
	GlobalSection(SolutionConfigurationPlatforms) = preSolution
		Debug|Any CPU = Debug|Any CPU
		Release|Any CPU = Release|Any CPU
	EndGlobalSection
	GlobalSection(ProjectConfigurationPlatforms) = postSolution
		{9E2848CA-0A4A-4BC7-87FF-E8CBE263328A}.Debug|Any CPU.ActiveCfg = Debug|Any CPU
		{9E2848CA-0A4A-4BC7-87FF-E8CBE263328A}.Debug|Any CPU.Build.0 = Debug|Any CPU
		{9E2848CA-0A4A-4BC7-87FF-E8CBE263328A}.Release|Any CPU.ActiveCfg = Release|Any CPU
		{9E2848CA-0A4A-4BC7-87FF-E8CBE263328A}.Release|Any CPU.Build.0 = Release|Any CPU
	EndGlobalSection
	GlobalSection(SolutionProperties) = preSolution
		HideSolutionNode = FALSE
	EndGlobalSection
EndGlobal
